
Microsoft Visual Studio Solution File, Format Version 12.00
# Visual Studio 15
VisualStudioVersion = 15.0.27130.2020
MinimumVisualStudioVersion = 10.0.40219.1
Project("{E24C65DC-7377-472B-9ABA-BC803B73C61A}") = "TestJquery", ".", "{EE019E52-8B28-4A8C-8B20-722D9F03E6CD}"
	ProjectSection(WebsiteProperties) = preProject
		TargetFrameworkMoniker = ".NETFramework,Version%3Dv4.5.2"
		Debug.AspNetCompiler.VirtualPath = "/localhost_51782"
		Debug.AspNetCompiler.PhysicalPath = "..\TestJquery\"
		Debug.AspNetCompiler.TargetPath = "PrecompiledWeb\localhost_51782\"
		Debug.AspNetCompiler.Updateable = "true"
		Debug.AspNetCompiler.ForceOverwrite = "true"
		Debug.AspNetCompiler.FixedNames = "false"
		Debug.AspNetCompiler.Debug = "True"
		Release.AspNetCompiler.VirtualPath = "/localhost_51782"
		Release.AspNetCompiler.PhysicalPath = "..\TestJquery\"
		Release.AspNetCompiler.TargetPath = "PrecompiledWeb\localhost_51782\"
		Release.AspNetCompiler.Updateable = "true"
		Release.AspNetCompiler.ForceOverwrite = "true"
		Release.AspNetCompiler.FixedNames = "false"
		Release.AspNetCompiler.Debug = "False"
		VWDPort = "51782"
		SlnRelativePath = "..\TestJquery\"
		DefaultWebSiteLanguage = "Visual C#"
	EndProjectSection
EndProject
Global
	GlobalSection(SolutionConfigurationPlatforms) = preSolution
		Debug|Any CPU = Debug|Any CPU
	EndGlobalSection
	GlobalSection(ProjectConfigurationPlatforms) = postSolution
		{EE019E52-8B28-4A8C-8B20-722D9F03E6CD}.Debug|Any CPU.ActiveCfg = Debug|Any CPU
		{EE019E52-8B28-4A8C-8B20-722D9F03E6CD}.Debug|Any CPU.Build.0 = Debug|Any CPU
	EndGlobalSection
	GlobalSection(SolutionProperties) = preSolution
		HideSolutionNode = FALSE
	EndGlobalSection
	GlobalSection(ExtensibilityGlobals) = postSolution
		SolutionGuid = {1F313F8D-0488-4747-84E1-58E789E01ACA}
	EndGlobalSection
EndGlobal
